
Microsoft Visual Studio Solution File, Format Version 12.00
# Visual Studio Version 16
VisualStudioVersion = 16.0.32413.511
MinimumVisualStudioVersion = 10.0.40219.1
Project("{FAE04EC0-301F-11D3-BF4B-00C04F79EFBC}") = "House Robber II", "House Robber II\House Robber II.csproj", "{AB1F7242-AF87-40AA-99FB-B8422C5CB1D4}"
EndProject
Global
	GlobalSection(SolutionConfigurationPlatforms) = preSolution
		Debug|Any CPU = Debug|Any CPU
		Release|Any CPU = Release|Any CPU
	EndGlobalSection
	GlobalSection(ProjectConfigurationPlatforms) = postSolution
		{AB1F7242-AF87-40AA-99FB-B8422C5CB1D4}.Debug|Any CPU.ActiveCfg = Debug|Any CPU
		{AB1F7242-AF87-40AA-99FB-B8422C5CB1D4}.Debug|Any CPU.Build.0 = Debug|Any CPU
		{AB1F7242-AF87-40AA-99FB-B8422C5CB1D4}.Release|Any CPU.ActiveCfg = Release|Any CPU
		{AB1F7242-AF87-40AA-99FB-B8422C5CB1D4}.Release|Any CPU.Build.0 = Release|Any CPU
	EndGlobalSection
	GlobalSection(SolutionProperties) = preSolution
		HideSolutionNode = FALSE
	EndGlobalSection
	GlobalSection(ExtensibilityGlobals) = postSolution
		SolutionGuid = {56CBB3B6-ABD0-44E4-901D-265D6AF69377}
	EndGlobalSection
EndGlobal
